
Microsoft Visual Studio Solution File, Format Version 12.00
# Visual Studio Version 17
VisualStudioVersion = 17.8.34316.72
MinimumVisualStudioVersion = 10.0.40219.1
Project("{FAE04EC0-301F-11D3-BF4B-00C04F79EFBC}") = "login registration", "login registration.csproj", "{34E3BF49-F08A-46C5-B3A9-2BDCF0727752}"
EndProject
Global
	GlobalSection(SolutionConfigurationPlatforms) = preSolution
		Debug|Any CPU = Debug|Any CPU
		Release|Any CPU = Release|Any CPU
	EndGlobalSection
	GlobalSection(ProjectConfigurationPlatforms) = postSolution
		{34E3BF49-F08A-46C5-B3A9-2BDCF0727752}.Debug|Any CPU.ActiveCfg = Debug|Any CPU
		{34E3BF49-F08A-46C5-B3A9-2BDCF0727752}.Debug|Any CPU.Build.0 = Debug|Any CPU
		{34E3BF49-F08A-46C5-B3A9-2BDCF0727752}.Release|Any CPU.ActiveCfg = Release|Any CPU
		{34E3BF49-F08A-46C5-B3A9-2BDCF0727752}.Release|Any CPU.Build.0 = Release|Any CPU
	EndGlobalSection
	GlobalSection(SolutionProperties) = preSolution
		HideSolutionNode = FALSE
	EndGlobalSection
	GlobalSection(ExtensibilityGlobals) = postSolution
		SolutionGuid = {29FC76EB-CA45-4246-9D3E-D84BF6F1C6DE}
	EndGlobalSection
EndGlobal
